
Microsoft Visual Studio Solution File, Format Version 12.00
# Visual Studio Version 17
VisualStudioVersion = 17.2.32519.379
MinimumVisualStudioVersion = 10.0.40219.1
Project("{9A19103F-16F7-4668-BE54-9A1E7A4F7556}") = "InvestigaUCR", "InvestigaUCR\InvestigaUCR.csproj", "{4D5BDDD1-0D9E-4890-8964-1886097ED927}"
EndProject
Project("{2150E333-8FDC-42A3-9474-1A3956D46DE8}") = "Layers", "Layers", "{ABCF108B-445E-40E3-A583-38D7E8688A0D}"
EndProject
Project("{9A19103F-16F7-4668-BE54-9A1E7A4F7556}") = "Domain", "Domain\Domain.csproj", "{460E76F0-C9A4-4C02-9FAB-60E13164412A}"
EndProject
Project("{9A19103F-16F7-4668-BE54-9A1E7A4F7556}") = "Infrastructure", "Infrastructure\Infrastructure.csproj", "{075166C9-8806-4DF1-BD62-F973B8941852}"
EndProject
Project("{9A19103F-16F7-4668-BE54-9A1E7A4F7556}") = "Application", "Application\Application.csproj", "{77E4A503-27A9-4443-BE2B-605C7FD289F3}"
EndProject
Project("{9A19103F-16F7-4668-BE54-9A1E7A4F7556}") = "Presentation", "Presentation\Presentation.csproj", "{8EADF6CB-6669-4A96-B57F-98CB49CA5548}"
EndProject
Project("{2150E333-8FDC-42A3-9474-1A3956D46DE8}") = "DataBase", "DataBase", "{3030C698-CAB9-444E-9E25-2EFAF535B950}"
EndProject
Project("{00D1A9C2-B5F0-4AF3-8072-F6C62B433612}") = "InvestigaUCRDataBase", "InvestigaUCRDataBase\InvestigaUCRDataBase.sqlproj", "{82709DDB-D3AE-4EC4-97EF-7671681D92F6}"
EndProject
Project("{2150E333-8FDC-42A3-9474-1A3956D46DE8}") = "Testing", "Testing", "{81E66FA0-1622-4014-9192-D32175710D78}"
EndProject
Project("{9A19103F-16F7-4668-BE54-9A1E7A4F7556}") = "UnitTesting", "UnitTesting\UnitTesting.csproj", "{1BF9B3B8-118E-4906-96C5-D556AB84F105}"
EndProject
Project("{9A19103F-16F7-4668-BE54-9A1E7A4F7556}") = "UITesting", "UITesting\UITesting.csproj", "{EE1748C4-CFA4-4FA9-B979-4FA1851C72B4}"
EndProject
Project("{9A19103F-16F7-4668-BE54-9A1E7A4F7556}") = "IntegrationTesting", "IntegrationTesting\IntegrationTesting.csproj", "{0A920C83-9A32-4A15-9D0D-CF0EBAEFDB10}"
EndProject
Project("{00D1A9C2-B5F0-4AF3-8072-F6C62B433612}") = "InvestigaUCRDataBaseTesting", "InvestigaUCRDataBaseTesting\InvestigaUCRDataBaseTesting.sqlproj", "{509B2FF2-E591-4BB1-A838-ACEEAFC63F7E}"
EndProject
Global
	GlobalSection(SolutionConfigurationPlatforms) = preSolution
		Debug|Any CPU = Debug|Any CPU
		Release|Any CPU = Release|Any CPU
	EndGlobalSection
	GlobalSection(ProjectConfigurationPlatforms) = postSolution
		{4D5BDDD1-0D9E-4890-8964-1886097ED927}.Debug|Any CPU.ActiveCfg = Debug|Any CPU
		{4D5BDDD1-0D9E-4890-8964-1886097ED927}.Debug|Any CPU.Build.0 = Debug|Any CPU
		{4D5BDDD1-0D9E-4890-8964-1886097ED927}.Release|Any CPU.ActiveCfg = Release|Any CPU
		{4D5BDDD1-0D9E-4890-8964-1886097ED927}.Release|Any CPU.Build.0 = Release|Any CPU
		{460E76F0-C9A4-4C02-9FAB-60E13164412A}.Debug|Any CPU.ActiveCfg = Debug|Any CPU
		{460E76F0-C9A4-4C02-9FAB-60E13164412A}.Debug|Any CPU.Build.0 = Debug|Any CPU
		{460E76F0-C9A4-4C02-9FAB-60E13164412A}.Release|Any CPU.ActiveCfg = Release|Any CPU
		{460E76F0-C9A4-4C02-9FAB-60E13164412A}.Release|Any CPU.Build.0 = Release|Any CPU
		{075166C9-8806-4DF1-BD62-F973B8941852}.Debug|Any CPU.ActiveCfg = Debug|Any CPU
		{075166C9-8806-4DF1-BD62-F973B8941852}.Debug|Any CPU.Build.0 = Debug|Any CPU
		{075166C9-8806-4DF1-BD62-F973B8941852}.Release|Any CPU.ActiveCfg = Release|Any CPU
		{075166C9-8806-4DF1-BD62-F973B8941852}.Release|Any CPU.Build.0 = Release|Any CPU
		{77E4A503-27A9-4443-BE2B-605C7FD289F3}.Debug|Any CPU.ActiveCfg = Debug|Any CPU
		{77E4A503-27A9-4443-BE2B-605C7FD289F3}.Debug|Any CPU.Build.0 = Debug|Any CPU
		{77E4A503-27A9-4443-BE2B-605C7FD289F3}.Release|Any CPU.ActiveCfg = Release|Any CPU
		{77E4A503-27A9-4443-BE2B-605C7FD289F3}.Release|Any CPU.Build.0 = Release|Any CPU
		{8EADF6CB-6669-4A96-B57F-98CB49CA5548}.Debug|Any CPU.ActiveCfg = Debug|Any CPU
		{8EADF6CB-6669-4A96-B57F-98CB49CA5548}.Debug|Any CPU.Build.0 = Debug|Any CPU
		{8EADF6CB-6669-4A96-B57F-98CB49CA5548}.Release|Any CPU.ActiveCfg = Release|Any CPU
		{8EADF6CB-6669-4A96-B57F-98CB49CA5548}.Release|Any CPU.Build.0 = Release|Any CPU
		{82709DDB-D3AE-4EC4-97EF-7671681D92F6}.Debug|Any CPU.ActiveCfg = Debug|Any CPU
		{82709DDB-D3AE-4EC4-97EF-7671681D92F6}.Debug|Any CPU.Build.0 = Debug|Any CPU
		{82709DDB-D3AE-4EC4-97EF-7671681D92F6}.Debug|Any CPU.Deploy.0 = Debug|Any CPU
		{82709DDB-D3AE-4EC4-97EF-7671681D92F6}.Release|Any CPU.ActiveCfg = Release|Any CPU
		{82709DDB-D3AE-4EC4-97EF-7671681D92F6}.Release|Any CPU.Build.0 = Release|Any CPU
		{82709DDB-D3AE-4EC4-97EF-7671681D92F6}.Release|Any CPU.Deploy.0 = Release|Any CPU
		{1BF9B3B8-118E-4906-96C5-D556AB84F105}.Debug|Any CPU.ActiveCfg = Debug|Any CPU
		{1BF9B3B8-118E-4906-96C5-D556AB84F105}.Debug|Any CPU.Build.0 = Debug|Any CPU
		{1BF9B3B8-118E-4906-96C5-D556AB84F105}.Release|Any CPU.ActiveCfg = Release|Any CPU
		{1BF9B3B8-118E-4906-96C5-D556AB84F105}.Release|Any CPU.Build.0 = Release|Any CPU
		{EE1748C4-CFA4-4FA9-B979-4FA1851C72B4}.Debug|Any CPU.ActiveCfg = Debug|Any CPU
		{EE1748C4-CFA4-4FA9-B979-4FA1851C72B4}.Debug|Any CPU.Build.0 = Debug|Any CPU
		{EE1748C4-CFA4-4FA9-B979-4FA1851C72B4}.Release|Any CPU.ActiveCfg = Release|Any CPU
		{EE1748C4-CFA4-4FA9-B979-4FA1851C72B4}.Release|Any CPU.Build.0 = Release|Any CPU
		{0A920C83-9A32-4A15-9D0D-CF0EBAEFDB10}.Debug|Any CPU.ActiveCfg = Debug|Any CPU
		{0A920C83-9A32-4A15-9D0D-CF0EBAEFDB10}.Debug|Any CPU.Build.0 = Debug|Any CPU
		{0A920C83-9A32-4A15-9D0D-CF0EBAEFDB10}.Release|Any CPU.ActiveCfg = Release|Any CPU
		{0A920C83-9A32-4A15-9D0D-CF0EBAEFDB10}.Release|Any CPU.Build.0 = Release|Any CPU
		{509B2FF2-E591-4BB1-A838-ACEEAFC63F7E}.Debug|Any CPU.ActiveCfg = Debug|Any CPU
		{509B2FF2-E591-4BB1-A838-ACEEAFC63F7E}.Debug|Any CPU.Build.0 = Debug|Any CPU
		{509B2FF2-E591-4BB1-A838-ACEEAFC63F7E}.Debug|Any CPU.Deploy.0 = Debug|Any CPU
		{509B2FF2-E591-4BB1-A838-ACEEAFC63F7E}.Release|Any CPU.ActiveCfg = Release|Any CPU
		{509B2FF2-E591-4BB1-A838-ACEEAFC63F7E}.Release|Any CPU.Build.0 = Release|Any CPU
		{509B2FF2-E591-4BB1-A838-ACEEAFC63F7E}.Release|Any CPU.Deploy.0 = Release|Any CPU
	EndGlobalSection
	GlobalSection(SolutionProperties) = preSolution
		HideSolutionNode = FALSE
	EndGlobalSection
	GlobalSection(NestedProjects) = preSolution
		{460E76F0-C9A4-4C02-9FAB-60E13164412A} = {ABCF108B-445E-40E3-A583-38D7E8688A0D}
		{075166C9-8806-4DF1-BD62-F973B8941852} = {ABCF108B-445E-40E3-A583-38D7E8688A0D}
		{77E4A503-27A9-4443-BE2B-605C7FD289F3} = {ABCF108B-445E-40E3-A583-38D7E8688A0D}
		{8EADF6CB-6669-4A96-B57F-98CB49CA5548} = {ABCF108B-445E-40E3-A583-38D7E8688A0D}
		{82709DDB-D3AE-4EC4-97EF-7671681D92F6} = {3030C698-CAB9-444E-9E25-2EFAF535B950}
		{1BF9B3B8-118E-4906-96C5-D556AB84F105} = {81E66FA0-1622-4014-9192-D32175710D78}
		{EE1748C4-CFA4-4FA9-B979-4FA1851C72B4} = {81E66FA0-1622-4014-9192-D32175710D78}
		{0A920C83-9A32-4A15-9D0D-CF0EBAEFDB10} = {81E66FA0-1622-4014-9192-D32175710D78}
		{509B2FF2-E591-4BB1-A838-ACEEAFC63F7E} = {3030C698-CAB9-444E-9E25-2EFAF535B950}
	EndGlobalSection
	GlobalSection(ExtensibilityGlobals) = postSolution
		SolutionGuid = {25EF7DCC-3961-41E7-A7E6-8F4C5878071F}
	EndGlobalSection
EndGlobal
